// !$*UTF8*$!
{
	archiveVersion = 1;
	classes = {
	};
	objectVersion = 46;
	objects = {

/* Begin PBXFileReference section */
		55B378A916DC0CA300C0D869 /* bindings.xcodeproj */ = {isa = PBXFileReference; lastKnownFileType = "wrapper.pb-project"; path = bindings.xcodeproj; sourceTree = "<group>"; };
		55B378AC16DC0CA300C0D869 /* cryptkit.tcl */ = {isa = PBXFileReference; lastKnownFileType = text; path = cryptkit.tcl; sourceTree = "<group>"; };
		55B378AD16DC0CA300C0D869 /* cryptlib.bas */ = {isa = PBXFileReference; lastKnownFileType = text; path = cryptlib.bas; sourceTree = "<group>"; };
		55B378AE16DC0CA300C0D869 /* cryptlib.cs */ = {isa = PBXFileReference; lastKnownFileType = text; path = cryptlib.cs; sourceTree = "<group>"; };
		55B378AF16DC0CA300C0D869 /* cryptlib.jar */ = {isa = PBXFileReference; lastKnownFileType = archive.jar; path = cryptlib.jar; sourceTree = "<group>"; };
		55B378B016DC0CA300C0D869 /* cryptlib.pas */ = {isa = PBXFileReference; lastKnownFileType = sourcecode.pascal; path = cryptlib.pas; sourceTree = "<group>"; };
		55B378B116DC0CA300C0D869 /* java_jni.c */ = {isa = PBXFileReference; lastKnownFileType = sourcecode.c.c; path = java_jni.c; sourceTree = "<group>"; };
		55B378B216DC0CA300C0D869 /* Makefile.PL */ = {isa = PBXFileReference; lastKnownFileType = text.script.perl; path = Makefile.PL; sourceTree = "<group>"; };
		55B378B316DC0CA300C0D869 /* PerlCryptLib.ph */ = {isa = PBXFileReference; lastKnownFileType = text; path = PerlCryptLib.ph; sourceTree = "<group>"; };
		55B378B416DC0CA300C0D869 /* PerlCryptLib.pm */ = {isa = PBXFileReference; lastKnownFileType = text.script.perl; path = PerlCryptLib.pm; sourceTree = "<group>"; };
		55B378B516DC0CA300C0D869 /* PerlCryptLib.xs */ = {isa = PBXFileReference; lastKnownFileType = text; path = PerlCryptLib.xs; sourceTree = "<group>"; };
		55B378B616DC0CA300C0D869 /* python.c */ = {isa = PBXFileReference; lastKnownFileType = sourcecode.c.c; path = python.c; sourceTree = "<group>"; };
		55B378B716DC0CA300C0D869 /* setup.py */ = {isa = PBXFileReference; lastKnownFileType = text.script.python; path = setup.py; sourceTree = "<group>"; };
		55B378B816DC0CA300C0D869 /* testlib.jcl */ = {isa = PBXFileReference; lastKnownFileType = text; path = testlib.jcl; sourceTree = "<group>"; };
		55B378B916DC0CA300C0D869 /* ussalloc */ = {isa = PBXFileReference; lastKnownFileType = text.script.sh; path = ussalloc; sourceTree = "<group>"; };
		55B378BA16DC0CA300C0D869 /* usscopy */ = {isa = PBXFileReference; lastKnownFileType = text.script.sh; path = usscopy; sourceTree = "<group>"; };
		55B378BB16DC0CA300C0D869 /* VMBuild.exec */ = {isa = PBXFileReference; lastKnownFileType = text; path = VMBuild.exec; sourceTree = "<group>"; };
/* End PBXFileReference section */

/* Begin PBXGroup section */
		55B378A316DC0CA300C0D869 = {
			isa = PBXGroup;
			children = (
				55B378A916DC0CA300C0D869 /* bindings.xcodeproj */,
				55B378AC16DC0CA300C0D869 /* cryptkit.tcl */,
				55B378AD16DC0CA300C0D869 /* cryptlib.bas */,
				55B378AE16DC0CA300C0D869 /* cryptlib.cs */,
				55B378AF16DC0CA300C0D869 /* cryptlib.jar */,
				55B378B016DC0CA300C0D869 /* cryptlib.pas */,
				55B378B116DC0CA300C0D869 /* java_jni.c */,
				55B378B216DC0CA300C0D869 /* Makefile.PL */,
				55B378B316DC0CA300C0D869 /* PerlCryptLib.ph */,
				55B378B416DC0CA300C0D869 /* PerlCryptLib.pm */,
				55B378B516DC0CA300C0D869 /* PerlCryptLib.xs */,
				55B378B616DC0CA300C0D869 /* python.c */,
				55B378B716DC0CA300C0D869 /* setup.py */,
				55B378B816DC0CA300C0D869 /* testlib.jcl */,
				55B378B916DC0CA300C0D869 /* ussalloc */,
				55B378BA16DC0CA300C0D869 /* usscopy */,
				55B378BB16DC0CA300C0D869 /* VMBuild.exec */,
			);
			sourceTree = "<group>";
		};
		55B378AA16DC0CA300C0D869 /* Products */ = {
			isa = PBXGroup;
			children = (
			);
			name = Products;
			sourceTree = "<group>";
		};
/* End PBXGroup section */

/* Begin PBXLegacyTarget section */
		55B378A816DC0CA300C0D869 /* bindings */ = {
			isa = PBXLegacyTarget;
			buildArgumentsString = "$(ACTION)";
			buildConfigurationList = 55B378BD16DC0CA300C0D869 /* Build configuration list for PBXLegacyTarget "bindings" */;
			buildPhases = (
			);
			buildToolPath = /usr/bin/make;
			buildWorkingDirectory = /Users/elm/Downloads/cl342/bindings;
			dependencies = (
			);
			name = bindings;
			passBuildSettingsInEnvironment = 1;
			productName = bindings;
		};
/* End PBXLegacyTarget section */

/* Begin PBXProject section */
		55B378A416DC0CA300C0D869 /* Project object */ = {
			isa = PBXProject;
			buildConfigurationList = 55B378A716DC0CA300C0D869 /* Build configuration list for PBXProject "bindings 2" */;
			compatibilityVersion = "Xcode 3.2";
			developmentRegion = English;
			hasScannedForEncodings = 0;
			knownRegions = (
				en,
			);
			mainGroup = 55B378A316DC0CA300C0D869;
			projectDirPath = "";
			projectReferences = (
				{
					ProductGroup = 55B378AA16DC0CA300C0D869 /* Products */;
					ProjectRef = 55B378A916DC0CA300C0D869 /* bindings.xcodeproj */;
				},
			);
			projectRoot = "";
			targets = (
				55B378A816DC0CA300C0D869 /* bindings */,
			);
		};
/* End PBXProject section */

/* Begin XCBuildConfiguration section */
		55B378A516DC0CA300C0D869 /* Debug */ = {
			isa = XCBuildConfiguration;
			buildSettings = {
				ARCHS = "$(ARCHS_STANDARD_32_BIT)";
				COPY_PHASE_STRIP = NO;
				GCC_WARN_ABOUT_RETURN_TYPE = YES;
				GCC_WARN_UNUSED_VARIABLE = YES;
				ONLY_ACTIVE_ARCH = YES;
				SDKROOT = macosx10.6;
			};
			name = Debug;
		};
		55B378A616DC0CA300C0D869 /* Release */ = {
			isa = XCBuildConfiguration;
			buildSettings = {
				ARCHS = "$(ARCHS_STANDARD_32_BIT)";
				COPY_PHASE_STRIP = YES;
				GCC_WARN_ABOUT_RETURN_TYPE = YES;
				GCC_WARN_UNUSED_VARIABLE = YES;
				SDKROOT = macosx10.6;
			};
			name = Release;
		};
		55B378BE16DC0CA300C0D869 /* Debug */ = {
			isa = XCBuildConfiguration;
			buildSettings = {
				COPY_PHASE_STRIP = NO;
				DEBUGGING_SYMBOLS = YES;
				GCC_DYNAMIC_NO_PIC = NO;
				GCC_ENABLE_FIX_AND_CONTINUE = YES;
				GCC_GENERATE_DEBUGGING_SYMBOLS = YES;
				GCC_OPTIMIZATION_LEVEL = 0;
				OTHER_CFLAGS = "";
				OTHER_LDFLAGS = "";
				PRODUCT_NAME = bindings;
			};
			name = Debug;
		};
		55B378BF16DC0CA300C0D869 /* Release */ = {
			isa = XCBuildConfiguration;
			buildSettings = {
				COPY_PHASE_STRIP = YES;
				DEBUG_INFORMATION_FORMAT = "dwarf-with-dsym";
				GCC_ENABLE_FIX_AND_CONTINUE = NO;
				OTHER_CFLAGS = "";
				OTHER_LDFLAGS = "";
				PRODUCT_NAME = bindings;
			};
			name = Release;
		};
/* End XCBuildConfiguration section */

/* Begin XCConfigurationList section */
		55B378A716DC0CA300C0D869 /* Build configuration list for PBXProject "bindings 2" */ = {
			isa = XCConfigurationList;
			buildConfigurations = (
				55B378A516DC0CA300C0D869 /* Debug */,
				55B378A616DC0CA300C0D869 /* Release */,
			);
			defaultConfigurationIsVisible = 0;
			defaultConfigurationName = Release;
		};
		55B378BD16DC0CA300C0D869 /* Build configuration list for PBXLegacyTarget "bindings" */ = {
			isa = XCConfigurationList;
			buildConfigurations = (
				55B378BE16DC0CA300C0D869 /* Debug */,
				55B378BF16DC0CA300C0D869 /* Release */,
			);
			defaultConfigurationIsVisible = 0;
			defaultConfigurationName = Release;
		};
/* End XCConfigurationList section */
	};
	rootObject = 55B378A416DC0CA300C0D869 /* Project object */;
}
